
Microsoft Visual Studio Solution File, Format Version 12.00
# Visual Studio 2012
Project("{FAE04EC0-301F-11D3-BF4B-00C04F79EFBC}") = "FTPClient", "FTPClient\FTPClient.csproj", "{99F47EA5-CD9E-4E81-B08A-16409AEFD329}"
EndProject
Project("{FAE04EC0-301F-11D3-BF4B-00C04F79EFBC}") = "FTPClientTest", "FTPClientTest\FTPClientTest.csproj", "{B761BC74-BA47-49F7-8AD6-8DABE4C867AA}"
EndProject
Global
	GlobalSection(SolutionConfigurationPlatforms) = preSolution
		Debug|Any CPU = Debug|Any CPU
		Release|Any CPU = Release|Any CPU
	EndGlobalSection
	GlobalSection(ProjectConfigurationPlatforms) = postSolution
		{99F47EA5-CD9E-4E81-B08A-16409AEFD329}.Debug|Any CPU.ActiveCfg = Debug|Any CPU
		{99F47EA5-CD9E-4E81-B08A-16409AEFD329}.Debug|Any CPU.Build.0 = Debug|Any CPU
		{99F47EA5-CD9E-4E81-B08A-16409AEFD329}.Release|Any CPU.ActiveCfg = Release|Any CPU
		{99F47EA5-CD9E-4E81-B08A-16409AEFD329}.Release|Any CPU.Build.0 = Release|Any CPU
		{B761BC74-BA47-49F7-8AD6-8DABE4C867AA}.Debug|Any CPU.ActiveCfg = Debug|Any CPU
		{B761BC74-BA47-49F7-8AD6-8DABE4C867AA}.Debug|Any CPU.Build.0 = Debug|Any CPU
		{B761BC74-BA47-49F7-8AD6-8DABE4C867AA}.Release|Any CPU.ActiveCfg = Release|Any CPU
		{B761BC74-BA47-49F7-8AD6-8DABE4C867AA}.Release|Any CPU.Build.0 = Release|Any CPU
	EndGlobalSection
EndGlobal
